
Microsoft Visual Studio Solution File, Format Version 12.00
Project("{F2A71F9B-5D33-465A-A702-920D77279786}") = "TypeProviderDemos.Tests", "TypeProviderDemos.Tests\TypeProviderDemos.Tests.fsproj", "{6DD3C4B4-CD54-460E-9C2E-295503083213}"
EndProject
Project("{F2A71F9B-5D33-465A-A702-920D77279786}") = "TypeProviderDemos", "TypeProviderDemos\TypeProviderDemos.fsproj", "{73461F8A-6F36-4717-A45C-E759CA27B782}"
EndProject
Project("{2150E333-8FDC-42A3-9474-1A3956D46DE8}") = "SolutionFolder", "SolutionFolder", "{5E2B73E1-1FAE-45C5-AFC9-ED3C89028371}"
	ProjectSection(SolutionItems) = preProject
		README.md = README.md
	EndProjectSection
EndProject
Global
	GlobalSection(SolutionConfigurationPlatforms) = preSolution
		Debug|Any CPU = Debug|Any CPU
		Release|Any CPU = Release|Any CPU
	EndGlobalSection
	GlobalSection(ProjectConfigurationPlatforms) = postSolution
		{6DD3C4B4-CD54-460E-9C2E-295503083213}.Debug|Any CPU.ActiveCfg = Debug|Any CPU
		{6DD3C4B4-CD54-460E-9C2E-295503083213}.Debug|Any CPU.Build.0 = Debug|Any CPU
		{6DD3C4B4-CD54-460E-9C2E-295503083213}.Release|Any CPU.ActiveCfg = Release|Any CPU
		{6DD3C4B4-CD54-460E-9C2E-295503083213}.Release|Any CPU.Build.0 = Release|Any CPU
		{73461F8A-6F36-4717-A45C-E759CA27B782}.Debug|Any CPU.ActiveCfg = Debug|Any CPU
		{73461F8A-6F36-4717-A45C-E759CA27B782}.Debug|Any CPU.Build.0 = Debug|Any CPU
		{73461F8A-6F36-4717-A45C-E759CA27B782}.Release|Any CPU.ActiveCfg = Release|Any CPU
		{73461F8A-6F36-4717-A45C-E759CA27B782}.Release|Any CPU.Build.0 = Release|Any CPU
	EndGlobalSection
EndGlobal
